// !$*UTF8*$!
{
	archiveVersion = 1;
	classes = {
	};
	objectVersion = 55;
	objects = {

/* Begin PBXBuildFile section */
		004C458528A5996200900927 /* Alamofire in Frameworks */ = {isa = PBXBuildFile; productRef = 004C458428A5996200900927 /* Alamofire */; };
		004C458928A59C4B00900927 /* SearchBarDelegate.swift in Sources */ = {isa = PBXBuildFile; fileRef = 004C458828A59C4B00900927 /* SearchBarDelegate.swift */; };
		004C458B28A5A35400900927 /* String+Extension.swift in Sources */ = {isa = PBXBuildFile; fileRef = 004C458A28A5A35400900927 /* String+Extension.swift */; };
		004C458D28A5A47200900927 /* SearchResult.swift in Sources */ = {isa = PBXBuildFile; fileRef = 004C458C28A5A47200900927 /* SearchResult.swift */; };
		005CC82728A54D6C007DB873 /* AppDelegate.swift in Sources */ = {isa = PBXBuildFile; fileRef = 005CC82628A54D6C007DB873 /* AppDelegate.swift */; };
		005CC83028A54D6F007DB873 /* Assets.xcassets in Resources */ = {isa = PBXBuildFile; fileRef = 005CC82F28A54D6F007DB873 /* Assets.xcassets */; };
		005CC83328A54D6F007DB873 /* LaunchScreen.storyboard in Resources */ = {isa = PBXBuildFile; fileRef = 005CC83128A54D6F007DB873 /* LaunchScreen.storyboard */; };
		005CC83C28A54E3F007DB873 /* AppCoordinator.swift in Sources */ = {isa = PBXBuildFile; fileRef = 005CC83B28A54E3F007DB873 /* AppCoordinator.swift */; };
		005CC84128A54F57007DB873 /* MovieListViewController.swift in Sources */ = {isa = PBXBuildFile; fileRef = 005CC84028A54F57007DB873 /* MovieListViewController.swift */; };
		005CC84428A550A8007DB873 /* HttpClient.swift in Sources */ = {isa = PBXBuildFile; fileRef = 005CC84328A550A8007DB873 /* HttpClient.swift */; };
		005CC84E28A551B1007DB873 /* MovieListModel.swift in Sources */ = {isa = PBXBuildFile; fileRef = 005CC84628A551B0007DB873 /* MovieListModel.swift */; };
		005CC85828A5590C007DB873 /* Constants.swift in Sources */ = {isa = PBXBuildFile; fileRef = 005CC85728A5590C007DB873 /* Constants.swift */; };
		005CC85A28A55A83007DB873 /* MovieFeedListViewModel.swift in Sources */ = {isa = PBXBuildFile; fileRef = 005CC85928A55A83007DB873 /* MovieFeedListViewModel.swift */; };
		005CC85C28A55AA6007DB873 /* MovieSearchCollectionViewDataSource.swift in Sources */ = {isa = PBXBuildFile; fileRef = 005CC85B28A55AA6007DB873 /* MovieSearchCollectionViewDataSource.swift */; };
		005CC86128A55B30007DB873 /* MovieListCollectionViewCell.swift in Sources */ = {isa = PBXBuildFile; fileRef = 005CC86028A55B30007DB873 /* MovieListCollectionViewCell.swift */; };
		005CC86428A55B54007DB873 /* Reuseable+Extension.swift in Sources */ = {isa = PBXBuildFile; fileRef = 005CC86328A55B54007DB873 /* Reuseable+Extension.swift */; };
		005CC86728A55C86007DB873 /* SnapKit in Frameworks */ = {isa = PBXBuildFile; productRef = 005CC86628A55C86007DB873 /* SnapKit */; };
		005CC86A28A55CFB007DB873 /* MovieListBuilder.swift in Sources */ = {isa = PBXBuildFile; fileRef = 005CC86928A55CFB007DB873 /* MovieListBuilder.swift */; };
		005CC86C28A56399007DB873 /* NetworkCostants.swift in Sources */ = {isa = PBXBuildFile; fileRef = 005CC86B28A56399007DB873 /* NetworkCostants.swift */; };
/* End PBXBuildFile section */

/* Begin PBXFileReference section */
		004C458828A59C4B00900927 /* SearchBarDelegate.swift */ = {isa = PBXFileReference; lastKnownFileType = sourcecode.swift; path = SearchBarDelegate.swift; sourceTree = "<group>"; };
		004C458A28A5A35400900927 /* String+Extension.swift */ = {isa = PBXFileReference; lastKnownFileType = sourcecode.swift; path = "String+Extension.swift"; sourceTree = "<group>"; };
		004C458C28A5A47200900927 /* SearchResult.swift */ = {isa = PBXFileReference; lastKnownFileType = sourcecode.swift; path = SearchResult.swift; sourceTree = "<group>"; };
		005CC82328A54D6C007DB873 /* MovieStuff.app */ = {isa = PBXFileReference; explicitFileType = wrapper.application; includeInIndex = 0; path = MovieStuff.app; sourceTree = BUILT_PRODUCTS_DIR; };
		005CC82628A54D6C007DB873 /* AppDelegate.swift */ = {isa = PBXFileReference; lastKnownFileType = sourcecode.swift; path = AppDelegate.swift; sourceTree = "<group>"; };
		005CC82F28A54D6F007DB873 /* Assets.xcassets */ = {isa = PBXFileReference; lastKnownFileType = folder.assetcatalog; path = Assets.xcassets; sourceTree = "<group>"; };
		005CC83228A54D6F007DB873 /* Base */ = {isa = PBXFileReference; lastKnownFileType = file.storyboard; name = Base; path = Base.lproj/LaunchScreen.storyboard; sourceTree = "<group>"; };
		005CC83428A54D6F007DB873 /* Info.plist */ = {isa = PBXFileReference; lastKnownFileType = text.plist.xml; path = Info.plist; sourceTree = "<group>"; };
		005CC83B28A54E3F007DB873 /* AppCoordinator.swift */ = {isa = PBXFileReference; lastKnownFileType = sourcecode.swift; path = AppCoordinator.swift; sourceTree = "<group>"; };
		005CC84028A54F57007DB873 /* MovieListViewController.swift */ = {isa = PBXFileReference; lastKnownFileType = sourcecode.swift; path = MovieListViewController.swift; sourceTree = "<group>"; };
		005CC84328A550A8007DB873 /* HttpClient.swift */ = {isa = PBXFileReference; lastKnownFileType = sourcecode.swift; path = HttpClient.swift; sourceTree = "<group>"; };
		005CC84628A551B0007DB873 /* MovieListModel.swift */ = {isa = PBXFileReference; fileEncoding = 4; lastKnownFileType = sourcecode.swift; path = MovieListModel.swift; sourceTree = "<group>"; };
		005CC85728A5590C007DB873 /* Constants.swift */ = {isa = PBXFileReference; lastKnownFileType = sourcecode.swift; path = Constants.swift; sourceTree = "<group>"; };
		005CC85928A55A83007DB873 /* MovieFeedListViewModel.swift */ = {isa = PBXFileReference; lastKnownFileType = sourcecode.swift; path = MovieFeedListViewModel.swift; sourceTree = "<group>"; };
		005CC85B28A55AA6007DB873 /* MovieSearchCollectionViewDataSource.swift */ = {isa = PBXFileReference; lastKnownFileType = sourcecode.swift; path = MovieSearchCollectionViewDataSource.swift; sourceTree = "<group>"; };
		005CC86028A55B30007DB873 /* MovieListCollectionViewCell.swift */ = {isa = PBXFileReference; lastKnownFileType = sourcecode.swift; path = MovieListCollectionViewCell.swift; sourceTree = "<group>"; };
		005CC86328A55B54007DB873 /* Reuseable+Extension.swift */ = {isa = PBXFileReference; lastKnownFileType = sourcecode.swift; path = "Reuseable+Extension.swift"; sourceTree = "<group>"; };
		005CC86928A55CFB007DB873 /* MovieListBuilder.swift */ = {isa = PBXFileReference; lastKnownFileType = sourcecode.swift; path = MovieListBuilder.swift; sourceTree = "<group>"; };
		005CC86B28A56399007DB873 /* NetworkCostants.swift */ = {isa = PBXFileReference; lastKnownFileType = sourcecode.swift; path = NetworkCostants.swift; sourceTree = "<group>"; };
/* End PBXFileReference section */

/* Begin PBXFrameworksBuildPhase section */
		005CC82028A54D6C007DB873 /* Frameworks */ = {
			isa = PBXFrameworksBuildPhase;
			buildActionMask = 2147483647;
			files = (
				005CC86728A55C86007DB873 /* SnapKit in Frameworks */,
				004C458528A5996200900927 /* Alamofire in Frameworks */,
			);
			runOnlyForDeploymentPostprocessing = 0;
		};
/* End PBXFrameworksBuildPhase section */

/* Begin PBXGroup section */
		004C458628A59B2A00900927 /* CollectionView */ = {
			isa = PBXGroup;
			children = (
				005CC85B28A55AA6007DB873 /* MovieSearchCollectionViewDataSource.swift */,
			);
			path = CollectionView;
			sourceTree = "<group>";
		};
		004C458728A59B3100900927 /* SearchDelegate */ = {
			isa = PBXGroup;
			children = (
				004C458828A59C4B00900927 /* SearchBarDelegate.swift */,
			);
			path = SearchDelegate;
			sourceTree = "<group>";
		};
		005CC81A28A54D6C007DB873 = {
			isa = PBXGroup;
			children = (
				005CC82528A54D6C007DB873 /* MovieStuff */,
				005CC82428A54D6C007DB873 /* Products */,
			);
			sourceTree = "<group>";
		};
		005CC82428A54D6C007DB873 /* Products */ = {
			isa = PBXGroup;
			children = (
				005CC82328A54D6C007DB873 /* MovieStuff.app */,
			);
			name = Products;
			sourceTree = "<group>";
		};
		005CC82528A54D6C007DB873 /* MovieStuff */ = {
			isa = PBXGroup;
			children = (
				005CC86228A55B42007DB873 /* Extension */,
				005CC85628A558FA007DB873 /* Constant */,
				005CC84228A55093007DB873 /* Network */,
				005CC83E28A54F34007DB873 /* Screens */,
				005CC83D28A54F28007DB873 /* AppCoordinator */,
				005CC83A28A54DCD007DB873 /* App */,
				005CC82F28A54D6F007DB873 /* Assets.xcassets */,
				005CC83128A54D6F007DB873 /* LaunchScreen.storyboard */,
				005CC83428A54D6F007DB873 /* Info.plist */,
			);
			path = MovieStuff;
			sourceTree = "<group>";
		};
		005CC83A28A54DCD007DB873 /* App */ = {
			isa = PBXGroup;
			children = (
				005CC82628A54D6C007DB873 /* AppDelegate.swift */,
			);
			path = App;
			sourceTree = "<group>";
		};
		005CC83D28A54F28007DB873 /* AppCoordinator */ = {
			isa = PBXGroup;
			children = (
				005CC83B28A54E3F007DB873 /* AppCoordinator.swift */,
			);
			path = AppCoordinator;
			sourceTree = "<group>";
		};
		005CC83E28A54F34007DB873 /* Screens */ = {
			isa = PBXGroup;
			children = (
				005CC83F28A54F3E007DB873 /* FeedList */,
			);
			path = Screens;
			sourceTree = "<group>";
		};
		005CC83F28A54F3E007DB873 /* FeedList */ = {
			isa = PBXGroup;
			children = (
				005CC86828A55CEB007DB873 /* Builder */,
				005CC85F28A55B0E007DB873 /* Cell */,
				005CC85E28A55B04007DB873 /* Delegate&DataSource */,
				005CC85D28A55AFD007DB873 /* ViewModel */,
				005CC84028A54F57007DB873 /* MovieListViewController.swift */,
			);
			path = FeedList;
			sourceTree = "<group>";
		};
		005CC84228A55093007DB873 /* Network */ = {
			isa = PBXGroup;
			children = (
				005CC84528A55173007DB873 /* Model */,
				005CC84328A550A8007DB873 /* HttpClient.swift */,
			);
			path = Network;
			sourceTree = "<group>";
		};
		005CC84528A55173007DB873 /* Model */ = {
			isa = PBXGroup;
			children = (
				005CC84628A551B0007DB873 /* MovieListModel.swift */,
				004C458C28A5A47200900927 /* SearchResult.swift */,
			);
			path = Model;
			sourceTree = "<group>";
		};
		005CC85628A558FA007DB873 /* Constant */ = {
			isa = PBXGroup;
			children = (
				005CC85728A5590C007DB873 /* Constants.swift */,
				005CC86B28A56399007DB873 /* NetworkCostants.swift */,
			);
			path = Constant;
			sourceTree = "<group>";
		};
		005CC85D28A55AFD007DB873 /* ViewModel */ = {
			isa = PBXGroup;
			children = (
				005CC85928A55A83007DB873 /* MovieFeedListViewModel.swift */,
			);
			path = ViewModel;
			sourceTree = "<group>";
		};
		005CC85E28A55B04007DB873 /* Delegate&DataSource */ = {
			isa = PBXGroup;
			children = (
				004C458728A59B3100900927 /* SearchDelegate */,
				004C458628A59B2A00900927 /* CollectionView */,
			);
			path = "Delegate&DataSource";
			sourceTree = "<group>";
		};
		005CC85F28A55B0E007DB873 /* Cell */ = {
			isa = PBXGroup;
			children = (
				005CC86028A55B30007DB873 /* MovieListCollectionViewCell.swift */,
			);
			path = Cell;
			sourceTree = "<group>";
		};
		005CC86228A55B42007DB873 /* Extension */ = {
			isa = PBXGroup;
			children = (
				005CC86328A55B54007DB873 /* Reuseable+Extension.swift */,
				004C458A28A5A35400900927 /* String+Extension.swift */,
			);
			path = Extension;
			sourceTree = "<group>";
		};
		005CC86828A55CEB007DB873 /* Builder */ = {
			isa = PBXGroup;
			children = (
				005CC86928A55CFB007DB873 /* MovieListBuilder.swift */,
			);
			path = Builder;
			sourceTree = "<group>";
		};
/* End PBXGroup section */

/* Begin PBXNativeTarget section */
		005CC82228A54D6C007DB873 /* MovieStuff */ = {
			isa = PBXNativeTarget;
			buildConfigurationList = 005CC83728A54D6F007DB873 /* Build configuration list for PBXNativeTarget "MovieStuff" */;
			buildPhases = (
				005CC81F28A54D6C007DB873 /* Sources */,
				005CC82028A54D6C007DB873 /* Frameworks */,
				005CC82128A54D6C007DB873 /* Resources */,
			);
			buildRules = (
			);
			dependencies = (
			);
			name = MovieStuff;
			packageProductDependencies = (
				005CC86628A55C86007DB873 /* SnapKit */,
				004C458428A5996200900927 /* Alamofire */,
			);
			productName = MovieStuff;
			productReference = 005CC82328A54D6C007DB873 /* MovieStuff.app */;
			productType = "com.apple.product-type.application";
		};
/* End PBXNativeTarget section */

/* Begin PBXProject section */
		005CC81B28A54D6C007DB873 /* Project object */ = {
			isa = PBXProject;
			attributes = {
				BuildIndependentTargetsInParallel = 1;
				LastSwiftUpdateCheck = 1330;
				LastUpgradeCheck = 1330;
				TargetAttributes = {
					005CC82228A54D6C007DB873 = {
						CreatedOnToolsVersion = 13.3.1;
					};
				};
			};
			buildConfigurationList = 005CC81E28A54D6C007DB873 /* Build configuration list for PBXProject "MovieStuff" */;
			compatibilityVersion = "Xcode 13.0";
			developmentRegion = en;
			hasScannedForEncodings = 0;
			knownRegions = (
				en,
				Base,
			);
			mainGroup = 005CC81A28A54D6C007DB873;
			packageReferences = (
				005CC86528A55C86007DB873 /* XCRemoteSwiftPackageReference "SnapKit" */,
				004C458328A5996200900927 /* XCRemoteSwiftPackageReference "Alamofire" */,
			);
			productRefGroup = 005CC82428A54D6C007DB873 /* Products */;
			projectDirPath = "";
			projectRoot = "";
			targets = (
				005CC82228A54D6C007DB873 /* MovieStuff */,
			);
		};
/* End PBXProject section */

/* Begin PBXResourcesBuildPhase section */
		005CC82128A54D6C007DB873 /* Resources */ = {
			isa = PBXResourcesBuildPhase;
			buildActionMask = 2147483647;
			files = (
				005CC83328A54D6F007DB873 /* LaunchScreen.storyboard in Resources */,
				005CC83028A54D6F007DB873 /* Assets.xcassets in Resources */,
			);
			runOnlyForDeploymentPostprocessing = 0;
		};
/* End PBXResourcesBuildPhase section */

/* Begin PBXSourcesBuildPhase section */
		005CC81F28A54D6C007DB873 /* Sources */ = {
			isa = PBXSourcesBuildPhase;
			buildActionMask = 2147483647;
			files = (
				004C458D28A5A47200900927 /* SearchResult.swift in Sources */,
				005CC84128A54F57007DB873 /* MovieListViewController.swift in Sources */,
				004C458B28A5A35400900927 /* String+Extension.swift in Sources */,
				005CC84E28A551B1007DB873 /* MovieListModel.swift in Sources */,
				005CC86428A55B54007DB873 /* Reuseable+Extension.swift in Sources */,
				005CC83C28A54E3F007DB873 /* AppCoordinator.swift in Sources */,
				005CC84428A550A8007DB873 /* HttpClient.swift in Sources */,
				005CC86C28A56399007DB873 /* NetworkCostants.swift in Sources */,
				005CC85C28A55AA6007DB873 /* MovieSearchCollectionViewDataSource.swift in Sources */,
				005CC85828A5590C007DB873 /* Constants.swift in Sources */,
				005CC86A28A55CFB007DB873 /* MovieListBuilder.swift in Sources */,
				005CC82728A54D6C007DB873 /* AppDelegate.swift in Sources */,
				005CC85A28A55A83007DB873 /* MovieFeedListViewModel.swift in Sources */,
				004C458928A59C4B00900927 /* SearchBarDelegate.swift in Sources */,
				005CC86128A55B30007DB873 /* MovieListCollectionViewCell.swift in Sources */,
			);
			runOnlyForDeploymentPostprocessing = 0;
		};
/* End PBXSourcesBuildPhase section */

/* Begin PBXVariantGroup section */
		005CC83128A54D6F007DB873 /* LaunchScreen.storyboard */ = {
			isa = PBXVariantGroup;
			children = (
				005CC83228A54D6F007DB873 /* Base */,
			);
			name = LaunchScreen.storyboard;
			sourceTree = "<group>";
		};
/* End PBXVariantGroup section */

/* Begin XCBuildConfiguration section */
		005CC83528A54D6F007DB873 /* Debug */ = {
			isa = XCBuildConfiguration;
			buildSettings = {
				ALWAYS_SEARCH_USER_PATHS = NO;
				CLANG_ANALYZER_NONNULL = YES;
				CLANG_ANALYZER_NUMBER_OBJECT_CONVERSION = YES_AGGRESSIVE;
				CLANG_CXX_LANGUAGE_STANDARD = "gnu++17";
				CLANG_ENABLE_MODULES = YES;
				CLANG_ENABLE_OBJC_ARC = YES;
				CLANG_ENABLE_OBJC_WEAK = YES;
				CLANG_WARN_BLOCK_CAPTURE_AUTORELEASING = YES;
				CLANG_WARN_BOOL_CONVERSION = YES;
				CLANG_WARN_COMMA = YES;
				CLANG_WARN_CONSTANT_CONVERSION = YES;
				CLANG_WARN_DEPRECATED_OBJC_IMPLEMENTATIONS = YES;
				CLANG_WARN_DIRECT_OBJC_ISA_USAGE = YES_ERROR;
				CLANG_WARN_DOCUMENTATION_COMMENTS = YES;
				CLANG_WARN_EMPTY_BODY = YES;
				CLANG_WARN_ENUM_CONVERSION = YES;
				CLANG_WARN_INFINITE_RECURSION = YES;
				CLANG_WARN_INT_CONVERSION = YES;
				CLANG_WARN_NON_LITERAL_NULL_CONVERSION = YES;
				CLANG_WARN_OBJC_IMPLICIT_RETAIN_SELF = YES;
				CLANG_WARN_OBJC_LITERAL_CONVERSION = YES;
				CLANG_WARN_OBJC_ROOT_CLASS = YES_ERROR;
				CLANG_WARN_QUOTED_INCLUDE_IN_FRAMEWORK_HEADER = YES;
				CLANG_WARN_RANGE_LOOP_ANALYSIS = YES;
				CLANG_WARN_STRICT_PROTOTYPES = YES;
				CLANG_WARN_SUSPICIOUS_MOVE = YES;
				CLANG_WARN_UNGUARDED_AVAILABILITY = YES_AGGRESSIVE;
				CLANG_WARN_UNREACHABLE_CODE = YES;
				CLANG_WARN__DUPLICATE_METHOD_MATCH = YES;
				COPY_PHASE_STRIP = NO;
				DEBUG_INFORMATION_FORMAT = dwarf;
				ENABLE_STRICT_OBJC_MSGSEND = YES;
				ENABLE_TESTABILITY = YES;
				GCC_C_LANGUAGE_STANDARD = gnu11;
				GCC_DYNAMIC_NO_PIC = NO;
				GCC_NO_COMMON_BLOCKS = YES;
				GCC_OPTIMIZATION_LEVEL = 0;
				GCC_PREPROCESSOR_DEFINITIONS = (
					"DEBUG=1",
					"$(inherited)",
				);
				GCC_WARN_64_TO_32_BIT_CONVERSION = YES;
				GCC_WARN_ABOUT_RETURN_TYPE = YES_ERROR;
				GCC_WARN_UNDECLARED_SELECTOR = YES;
				GCC_WARN_UNINITIALIZED_AUTOS = YES_AGGRESSIVE;
				GCC_WARN_UNUSED_FUNCTION = YES;
				GCC_WARN_UNUSED_VARIABLE = YES;
				IPHONEOS_DEPLOYMENT_TARGET = 11.0;
				MTL_ENABLE_DEBUG_INFO = INCLUDE_SOURCE;
				MTL_FAST_MATH = YES;
				ONLY_ACTIVE_ARCH = YES;
				SDKROOT = iphoneos;
				SWIFT_ACTIVE_COMPILATION_CONDITIONS = DEBUG;
				SWIFT_OPTIMIZATION_LEVEL = "-Onone";
			};
			name = Debug;
		};
		005CC83628A54D6F007DB873 /* Release */ = {
			isa = XCBuildConfiguration;
			buildSettings = {
				ALWAYS_SEARCH_USER_PATHS = NO;
				CLANG_ANALYZER_NONNULL = YES;
				CLANG_ANALYZER_NUMBER_OBJECT_CONVERSION = YES_AGGRESSIVE;
				CLANG_CXX_LANGUAGE_STANDARD = "gnu++17";
				CLANG_ENABLE_MODULES = YES;
				CLANG_ENABLE_OBJC_ARC = YES;
				CLANG_ENABLE_OBJC_WEAK = YES;
				CLANG_WARN_BLOCK_CAPTURE_AUTORELEASING = YES;
				CLANG_WARN_BOOL_CONVERSION = YES;
				CLANG_WARN_COMMA = YES;
				CLANG_WARN_CONSTANT_CONVERSION = YES;
				CLANG_WARN_DEPRECATED_OBJC_IMPLEMENTATIONS = YES;
				CLANG_WARN_DIRECT_OBJC_ISA_USAGE = YES_ERROR;
				CLANG_WARN_DOCUMENTATION_COMMENTS = YES;
				CLANG_WARN_EMPTY_BODY = YES;
				CLANG_WARN_ENUM_CONVERSION = YES;
				CLANG_WARN_INFINITE_RECURSION = YES;
				CLANG_WARN_INT_CONVERSION = YES;
				CLANG_WARN_NON_LITERAL_NULL_CONVERSION = YES;
				CLANG_WARN_OBJC_IMPLICIT_RETAIN_SELF = YES;
				CLANG_WARN_OBJC_LITERAL_CONVERSION = YES;
				CLANG_WARN_OBJC_ROOT_CLASS = YES_ERROR;
				CLANG_WARN_QUOTED_INCLUDE_IN_FRAMEWORK_HEADER = YES;
				CLANG_WARN_RANGE_LOOP_ANALYSIS = YES;
				CLANG_WARN_STRICT_PROTOTYPES = YES;
				CLANG_WARN_SUSPICIOUS_MOVE = YES;
				CLANG_WARN_UNGUARDED_AVAILABILITY = YES_AGGRESSIVE;
				CLANG_WARN_UNREACHABLE_CODE = YES;
				CLANG_WARN__DUPLICATE_METHOD_MATCH = YES;
				COPY_PHASE_STRIP = NO;
				DEBUG_INFORMATION_FORMAT = "dwarf-with-dsym";
				ENABLE_NS_ASSERTIONS = NO;
				ENABLE_STRICT_OBJC_MSGSEND = YES;
				GCC_C_LANGUAGE_STANDARD = gnu11;
				GCC_NO_COMMON_BLOCKS = YES;
				GCC_WARN_64_TO_32_BIT_CONVERSION = YES;
				GCC_WARN_ABOUT_RETURN_TYPE = YES_ERROR;
				GCC_WARN_UNDECLARED_SELECTOR = YES;
				GCC_WARN_UNINITIALIZED_AUTOS = YES_AGGRESSIVE;
				GCC_WARN_UNUSED_FUNCTION = YES;
				GCC_WARN_UNUSED_VARIABLE = YES;
				IPHONEOS_DEPLOYMENT_TARGET = 11.0;
				MTL_ENABLE_DEBUG_INFO = NO;
				MTL_FAST_MATH = YES;
				SDKROOT = iphoneos;
				SWIFT_COMPILATION_MODE = wholemodule;
				SWIFT_OPTIMIZATION_LEVEL = "-O";
				VALIDATE_PRODUCT = YES;
			};
			name = Release;
		};
		005CC83828A54D6F007DB873 /* Debug */ = {
			isa = XCBuildConfiguration;
			buildSettings = {
				ASSETCATALOG_COMPILER_APPICON_NAME = AppIcon;
				ASSETCATALOG_COMPILER_GLOBAL_ACCENT_COLOR_NAME = AccentColor;
				CODE_SIGN_STYLE = Automatic;
				CURRENT_PROJECT_VERSION = 1;
				DEVELOPMENT_TEAM = D4T62J4499;
				GENERATE_INFOPLIST_FILE = YES;
				INFOPLIST_FILE = MovieStuff/Info.plist;
				INFOPLIST_KEY_UIApplicationSupportsIndirectInputEvents = YES;
				INFOPLIST_KEY_UILaunchStoryboardName = LaunchScreen;
				INFOPLIST_KEY_UISupportedInterfaceOrientations_iPad = "UIInterfaceOrientationPortrait UIInterfaceOrientationPortraitUpsideDown UIInterfaceOrientationLandscapeLeft UIInterfaceOrientationLandscapeRight";
				INFOPLIST_KEY_UISupportedInterfaceOrientations_iPhone = "UIInterfaceOrientationPortrait UIInterfaceOrientationLandscapeLeft UIInterfaceOrientationLandscapeRight";
				LD_RUNPATH_SEARCH_PATHS = (
					"$(inherited)",
					"@executable_path/Frameworks",
				);
				MARKETING_VERSION = 1.0;
				PRODUCT_BUNDLE_IDENTIFIER = com.mct.MovieStuff;
				PRODUCT_NAME = "$(TARGET_NAME)";
				SWIFT_EMIT_LOC_STRINGS = YES;
				SWIFT_VERSION = 5.0;
				TARGETED_DEVICE_FAMILY = "1,2";
			};
			name = Debug;
		};
		005CC83928A54D6F007DB873 /* Release */ = {
			isa = XCBuildConfiguration;
			buildSettings = {
				ASSETCATALOG_COMPILER_APPICON_NAME = AppIcon;
				ASSETCATALOG_COMPILER_GLOBAL_ACCENT_COLOR_NAME = AccentColor;
				CODE_SIGN_STYLE = Automatic;
				CURRENT_PROJECT_VERSION = 1;
				DEVELOPMENT_TEAM = D4T62J4499;
				GENERATE_INFOPLIST_FILE = YES;
				INFOPLIST_FILE = MovieStuff/Info.plist;
				INFOPLIST_KEY_UIApplicationSupportsIndirectInputEvents = YES;
				INFOPLIST_KEY_UILaunchStoryboardName = LaunchScreen;
				INFOPLIST_KEY_UISupportedInterfaceOrientations_iPad = "UIInterfaceOrientationPortrait UIInterfaceOrientationPortraitUpsideDown UIInterfaceOrientationLandscapeLeft UIInterfaceOrientationLandscapeRight";
				INFOPLIST_KEY_UISupportedInterfaceOrientations_iPhone = "UIInterfaceOrientationPortrait UIInterfaceOrientationLandscapeLeft UIInterfaceOrientationLandscapeRight";
				LD_RUNPATH_SEARCH_PATHS = (
					"$(inherited)",
					"@executable_path/Frameworks",
				);
				MARKETING_VERSION = 1.0;
				PRODUCT_BUNDLE_IDENTIFIER = com.mct.MovieStuff;
				PRODUCT_NAME = "$(TARGET_NAME)";
				SWIFT_EMIT_LOC_STRINGS = YES;
				SWIFT_VERSION = 5.0;
				TARGETED_DEVICE_FAMILY = "1,2";
			};
			name = Release;
		};
/* End XCBuildConfiguration section */

/* Begin XCConfigurationList section */
		005CC81E28A54D6C007DB873 /* Build configuration list for PBXProject "MovieStuff" */ = {
			isa = XCConfigurationList;
			buildConfigurations = (
				005CC83528A54D6F007DB873 /* Debug */,
				005CC83628A54D6F007DB873 /* Release */,
			);
			defaultConfigurationIsVisible = 0;
			defaultConfigurationName = Release;
		};
		005CC83728A54D6F007DB873 /* Build configuration list for PBXNativeTarget "MovieStuff" */ = {
			isa = XCConfigurationList;
			buildConfigurations = (
				005CC83828A54D6F007DB873 /* Debug */,
				005CC83928A54D6F007DB873 /* Release */,
			);
			defaultConfigurationIsVisible = 0;
			defaultConfigurationName = Release;
		};
/* End XCConfigurationList section */

/* Begin XCRemoteSwiftPackageReference section */
		004C458328A5996200900927 /* XCRemoteSwiftPackageReference "Alamofire" */ = {
			isa = XCRemoteSwiftPackageReference;
			repositoryURL = "https://github.com/Alamofire/Alamofire.git";
			requirement = {
				branch = master;
				kind = branch;
			};
		};
		005CC86528A55C86007DB873 /* XCRemoteSwiftPackageReference "SnapKit" */ = {
			isa = XCRemoteSwiftPackageReference;
			repositoryURL = "https://github.com/SnapKit/SnapKit";
			requirement = {
				kind = upToNextMajorVersion;
				minimumVersion = 5.0.0;
			};
		};
/* End XCRemoteSwiftPackageReference section */

/* Begin XCSwiftPackageProductDependency section */
		004C458428A5996200900927 /* Alamofire */ = {
			isa = XCSwiftPackageProductDependency;
			package = 004C458328A5996200900927 /* XCRemoteSwiftPackageReference "Alamofire" */;
			productName = Alamofire;
		};
		005CC86628A55C86007DB873 /* SnapKit */ = {
			isa = XCSwiftPackageProductDependency;
			package = 005CC86528A55C86007DB873 /* XCRemoteSwiftPackageReference "SnapKit" */;
			productName = SnapKit;
		};
/* End XCSwiftPackageProductDependency section */
	};
	rootObject = 005CC81B28A54D6C007DB873 /* Project object */;
}
